
Microsoft Visual Studio Solution File, Format Version 12.00
# Visual Studio Version 17
VisualStudioVersion = 17.14.36310.24 d17.14
MinimumVisualStudioVersion = 10.0.40219.1
Project("{FAE04EC0-301F-11D3-BF4B-00C04F79EFBC}") = "Day_1_DEmo2_ReadingInput_User", "Day_1_DEmo2_ReadingInput_User.csproj", "{F14D83B9-C316-4E3F-B221-47AFCB0DD011}"
EndProject
Global
	GlobalSection(SolutionConfigurationPlatforms) = preSolution
		Debug|Any CPU = Debug|Any CPU
		Release|Any CPU = Release|Any CPU
	EndGlobalSection
	GlobalSection(ProjectConfigurationPlatforms) = postSolution
		{F14D83B9-C316-4E3F-B221-47AFCB0DD011}.Debug|Any CPU.ActiveCfg = Debug|Any CPU
		{F14D83B9-C316-4E3F-B221-47AFCB0DD011}.Debug|Any CPU.Build.0 = Debug|Any CPU
		{F14D83B9-C316-4E3F-B221-47AFCB0DD011}.Release|Any CPU.ActiveCfg = Release|Any CPU
		{F14D83B9-C316-4E3F-B221-47AFCB0DD011}.Release|Any CPU.Build.0 = Release|Any CPU
	EndGlobalSection
	GlobalSection(SolutionProperties) = preSolution
		HideSolutionNode = FALSE
	EndGlobalSection
	GlobalSection(ExtensibilityGlobals) = postSolution
		SolutionGuid = {5951B6B8-DBC2-46C7-AF0D-B64A0DDCCBE6}
	EndGlobalSection
EndGlobal
