
Microsoft Visual Studio Solution File, Format Version 12.00
# Visual Studio Version 17
VisualStudioVersion = 17.14.36310.24 d17.14
MinimumVisualStudioVersion = 10.0.40219.1
Project("{FAE04EC0-301F-11D3-BF4B-00C04F79EFBC}") = "Demo_Collection_Stack_Queue", "Demo_Collection_Stack_Queue.csproj", "{DD4FE93D-C036-4A8F-AA54-8ED0DC694FB0}"
EndProject
Global
	GlobalSection(SolutionConfigurationPlatforms) = preSolution
		Debug|Any CPU = Debug|Any CPU
		Release|Any CPU = Release|Any CPU
	EndGlobalSection
	GlobalSection(ProjectConfigurationPlatforms) = postSolution
		{DD4FE93D-C036-4A8F-AA54-8ED0DC694FB0}.Debug|Any CPU.ActiveCfg = Debug|Any CPU
		{DD4FE93D-C036-4A8F-AA54-8ED0DC694FB0}.Debug|Any CPU.Build.0 = Debug|Any CPU
		{DD4FE93D-C036-4A8F-AA54-8ED0DC694FB0}.Release|Any CPU.ActiveCfg = Release|Any CPU
		{DD4FE93D-C036-4A8F-AA54-8ED0DC694FB0}.Release|Any CPU.Build.0 = Release|Any CPU
	EndGlobalSection
	GlobalSection(SolutionProperties) = preSolution
		HideSolutionNode = FALSE
	EndGlobalSection
	GlobalSection(ExtensibilityGlobals) = postSolution
		SolutionGuid = {5E5257F1-4E1F-4748-91F7-5545172A627F}
	EndGlobalSection
EndGlobal
