
Microsoft Visual Studio Solution File, Format Version 12.00
# Visual Studio Version 17
VisualStudioVersion = 17.14.36310.24 d17.14
MinimumVisualStudioVersion = 10.0.40219.1
Project("{FAE04EC0-301F-11D3-BF4B-00C04F79EFBC}") = "Day3_bankAccountManagementSysytemIN_CSharp", "Day3_bankAccountManagementSysytemIN_CSharp.csproj", "{20E05421-AC36-4132-9CC6-0CB2FDB62A3F}"
EndProject
Project("{FAE04EC0-301F-11D3-BF4B-00C04F79EFBC}") = "BankAudit", "..\BankAudit\BankAudit.csproj", "{85809AC3-0767-482E-A725-69F60883C156}"
EndProject
Global
	GlobalSection(SolutionConfigurationPlatforms) = preSolution
		Debug|Any CPU = Debug|Any CPU
		Release|Any CPU = Release|Any CPU
	EndGlobalSection
	GlobalSection(ProjectConfigurationPlatforms) = postSolution
		{20E05421-AC36-4132-9CC6-0CB2FDB62A3F}.Debug|Any CPU.ActiveCfg = Debug|Any CPU
		{20E05421-AC36-4132-9CC6-0CB2FDB62A3F}.Debug|Any CPU.Build.0 = Debug|Any CPU
		{20E05421-AC36-4132-9CC6-0CB2FDB62A3F}.Release|Any CPU.ActiveCfg = Release|Any CPU
		{20E05421-AC36-4132-9CC6-0CB2FDB62A3F}.Release|Any CPU.Build.0 = Release|Any CPU
		{85809AC3-0767-482E-A725-69F60883C156}.Debug|Any CPU.ActiveCfg = Debug|Any CPU
		{85809AC3-0767-482E-A725-69F60883C156}.Debug|Any CPU.Build.0 = Debug|Any CPU
		{85809AC3-0767-482E-A725-69F60883C156}.Release|Any CPU.ActiveCfg = Release|Any CPU
		{85809AC3-0767-482E-A725-69F60883C156}.Release|Any CPU.Build.0 = Release|Any CPU
	EndGlobalSection
	GlobalSection(SolutionProperties) = preSolution
		HideSolutionNode = FALSE
	EndGlobalSection
	GlobalSection(ExtensibilityGlobals) = postSolution
		SolutionGuid = {4D1DF7A9-BA26-460C-B9B7-51162B47A6C5}
	EndGlobalSection
EndGlobal
